
Microsoft Visual Studio Solution File, Format Version 12.00
# Visual Studio Version 16
VisualStudioVersion = 16.0.31729.503
MinimumVisualStudioVersion = 10.0.40219.1
Project("{9A19103F-16F7-4668-BE54-9A1E7A4F7556}") = "oxce-tests", "oxce-tests.csproj", "{1B165FAA-75E9-44D6-9575-0D9BC9378DA0}"
EndProject
Project("{9A19103F-16F7-4668-BE54-9A1E7A4F7556}") = "lib", "..\lib\lib.csproj", "{2CAD9631-6B9A-4456-ABFA-51C82D3C9100}"
EndProject
Global
	GlobalSection(SolutionConfigurationPlatforms) = preSolution
		Debug|Any CPU = Debug|Any CPU
		Release|Any CPU = Release|Any CPU
	EndGlobalSection
	GlobalSection(ProjectConfigurationPlatforms) = postSolution
		{1B165FAA-75E9-44D6-9575-0D9BC9378DA0}.Debug|Any CPU.ActiveCfg = Debug|Any CPU
		{1B165FAA-75E9-44D6-9575-0D9BC9378DA0}.Debug|Any CPU.Build.0 = Debug|Any CPU
		{1B165FAA-75E9-44D6-9575-0D9BC9378DA0}.Release|Any CPU.ActiveCfg = Release|Any CPU
		{1B165FAA-75E9-44D6-9575-0D9BC9378DA0}.Release|Any CPU.Build.0 = Release|Any CPU
		{2CAD9631-6B9A-4456-ABFA-51C82D3C9100}.Debug|Any CPU.ActiveCfg = Debug|Any CPU
		{2CAD9631-6B9A-4456-ABFA-51C82D3C9100}.Debug|Any CPU.Build.0 = Debug|Any CPU
		{2CAD9631-6B9A-4456-ABFA-51C82D3C9100}.Release|Any CPU.ActiveCfg = Release|Any CPU
		{2CAD9631-6B9A-4456-ABFA-51C82D3C9100}.Release|Any CPU.Build.0 = Release|Any CPU
	EndGlobalSection
	GlobalSection(SolutionProperties) = preSolution
		HideSolutionNode = FALSE
	EndGlobalSection
	GlobalSection(ExtensibilityGlobals) = postSolution
		SolutionGuid = {8684C6C3-4B33-43BB-80C6-BEE9BE9B8B41}
	EndGlobalSection
EndGlobal
