
Microsoft Visual Studio Solution File, Format Version 12.00
# Visual Studio Version 17
VisualStudioVersion = 17.4.33027.239
MinimumVisualStudioVersion = 10.0.40219.1
Project("{FAE04EC0-301F-11D3-BF4B-00C04F79EFBC}") = "blazor-prototype", "blazor-prototype.csproj", "{D1E56ECA-A639-45E2-9C3C-293280A85C4F}"
EndProject
Global
	GlobalSection(SolutionConfigurationPlatforms) = preSolution
		Debug|Any CPU = Debug|Any CPU
		Release|Any CPU = Release|Any CPU
	EndGlobalSection
	GlobalSection(ProjectConfigurationPlatforms) = postSolution
		{D1E56ECA-A639-45E2-9C3C-293280A85C4F}.Debug|Any CPU.ActiveCfg = Debug|Any CPU
		{D1E56ECA-A639-45E2-9C3C-293280A85C4F}.Debug|Any CPU.Build.0 = Debug|Any CPU
		{D1E56ECA-A639-45E2-9C3C-293280A85C4F}.Release|Any CPU.ActiveCfg = Release|Any CPU
		{D1E56ECA-A639-45E2-9C3C-293280A85C4F}.Release|Any CPU.Build.0 = Release|Any CPU
	EndGlobalSection
	GlobalSection(SolutionProperties) = preSolution
		HideSolutionNode = FALSE
	EndGlobalSection
	GlobalSection(ExtensibilityGlobals) = postSolution
		SolutionGuid = {FAE17662-2964-4D73-B109-D3589EDBC880}
	EndGlobalSection
EndGlobal
