
Microsoft Visual Studio Solution File, Format Version 12.00
# Visual Studio Version 17
VisualStudioVersion = 17.4.33027.239
MinimumVisualStudioVersion = 10.0.40219.1
Project("{9A19103F-16F7-4668-BE54-9A1E7A4F7556}") = "lib", "..\lib\lib.csproj", "{6144F7E7-3B97-44E3-B716-A8DAEE8D1EAB}"
EndProject
Project("{9A19103F-16F7-4668-BE54-9A1E7A4F7556}") = "lib-tests", "..\lib-tests\lib-tests.csproj", "{E95D88DD-9907-44ED-81FE-3F4F1E0C936C}"
EndProject
Project("{9A19103F-16F7-4668-BE54-9A1E7A4F7556}") = "azuredevops", "..\azuredevops\azuredevops.csproj", "{C7FD3CD8-9B58-41D3-BDE8-3D43C6797471}"
EndProject
Project("{9A19103F-16F7-4668-BE54-9A1E7A4F7556}") = "azuredevops-config", "..\azuredevops-config\azuredevops-config.csproj", "{0E82E23D-C77C-46AA-8535-48264EFFA44B}"
EndProject
Project("{9A19103F-16F7-4668-BE54-9A1E7A4F7556}") = "azuredevops-tests", "..\azuredevops-tests\azuredevops-tests.csproj", "{F11FD1F1-E3A3-4FD8-AEC2-3168055075FC}"
EndProject
Project("{9A19103F-16F7-4668-BE54-9A1E7A4F7556}") = "oxce-config", "..\oxce-config\oxce-config.csproj", "{6FED5587-D733-48B6-9D3A-F42099EF55D4}"
EndProject
Project("{9A19103F-16F7-4668-BE54-9A1E7A4F7556}") = "oxce-tests", "..\oxce-tests\oxce-tests.csproj", "{B5D6DFE8-B6BB-49BF-9224-FC110490DE37}"
EndProject
Project("{9A19103F-16F7-4668-BE54-9A1E7A4F7556}") = "wikitools", "..\wikitools\wikitools.csproj", "{DD2FFB83-5226-46D6-8C61-B2323944285D}"
EndProject
Project("{9A19103F-16F7-4668-BE54-9A1E7A4F7556}") = "wikitools-config", "..\wikitools-config\wikitools-config.csproj", "{44771EF5-F6A8-4906-B9F2-D8D9B0D73BB7}"
EndProject
Project("{9A19103F-16F7-4668-BE54-9A1E7A4F7556}") = "wikitools-tests", "..\wikitools-tests\wikitools-tests.csproj", "{768DB1E1-17E9-4ED8-AE39-C4B00EDB0488}"
EndProject
Project("{9A19103F-16F7-4668-BE54-9A1E7A4F7556}") = "oxce-configs", "..\..\dotnet-lib-private\oxce-configs\oxce-configs.csproj", "{00CC4ADB-CA21-4B88-9AA8-7D9FDA4DB42F}"
EndProject
Project("{9A19103F-16F7-4668-BE54-9A1E7A4F7556}") = "wikitools-configs", "..\..\dotnet-lib-private\wikitools-configs\wikitools-configs.csproj", "{28307DB7-9048-468B-B137-ECEEC25EAAA8}"
EndProject
Project("{9A19103F-16F7-4668-BE54-9A1E7A4F7556}") = "blazor-prototype", "..\blazor-prototype\blazor-prototype\blazor-prototype.csproj", "{FDEE9B22-6322-4913-9AB3-315DE0D92E25}"
EndProject
Global
	GlobalSection(SolutionConfigurationPlatforms) = preSolution
		Debug|Any CPU = Debug|Any CPU
		Release|Any CPU = Release|Any CPU
	EndGlobalSection
	GlobalSection(ProjectConfigurationPlatforms) = postSolution
		{6144F7E7-3B97-44E3-B716-A8DAEE8D1EAB}.Debug|Any CPU.ActiveCfg = Debug|Any CPU
		{6144F7E7-3B97-44E3-B716-A8DAEE8D1EAB}.Debug|Any CPU.Build.0 = Debug|Any CPU
		{6144F7E7-3B97-44E3-B716-A8DAEE8D1EAB}.Release|Any CPU.ActiveCfg = Release|Any CPU
		{6144F7E7-3B97-44E3-B716-A8DAEE8D1EAB}.Release|Any CPU.Build.0 = Release|Any CPU
		{E95D88DD-9907-44ED-81FE-3F4F1E0C936C}.Debug|Any CPU.ActiveCfg = Debug|Any CPU
		{E95D88DD-9907-44ED-81FE-3F4F1E0C936C}.Debug|Any CPU.Build.0 = Debug|Any CPU
		{E95D88DD-9907-44ED-81FE-3F4F1E0C936C}.Release|Any CPU.ActiveCfg = Release|Any CPU
		{E95D88DD-9907-44ED-81FE-3F4F1E0C936C}.Release|Any CPU.Build.0 = Release|Any CPU
		{C7FD3CD8-9B58-41D3-BDE8-3D43C6797471}.Debug|Any CPU.ActiveCfg = Debug|Any CPU
		{C7FD3CD8-9B58-41D3-BDE8-3D43C6797471}.Debug|Any CPU.Build.0 = Debug|Any CPU
		{C7FD3CD8-9B58-41D3-BDE8-3D43C6797471}.Release|Any CPU.ActiveCfg = Release|Any CPU
		{C7FD3CD8-9B58-41D3-BDE8-3D43C6797471}.Release|Any CPU.Build.0 = Release|Any CPU
		{0E82E23D-C77C-46AA-8535-48264EFFA44B}.Debug|Any CPU.ActiveCfg = Debug|Any CPU
		{0E82E23D-C77C-46AA-8535-48264EFFA44B}.Debug|Any CPU.Build.0 = Debug|Any CPU
		{0E82E23D-C77C-46AA-8535-48264EFFA44B}.Release|Any CPU.ActiveCfg = Release|Any CPU
		{0E82E23D-C77C-46AA-8535-48264EFFA44B}.Release|Any CPU.Build.0 = Release|Any CPU
		{F11FD1F1-E3A3-4FD8-AEC2-3168055075FC}.Debug|Any CPU.ActiveCfg = Debug|Any CPU
		{F11FD1F1-E3A3-4FD8-AEC2-3168055075FC}.Debug|Any CPU.Build.0 = Debug|Any CPU
		{F11FD1F1-E3A3-4FD8-AEC2-3168055075FC}.Release|Any CPU.ActiveCfg = Release|Any CPU
		{F11FD1F1-E3A3-4FD8-AEC2-3168055075FC}.Release|Any CPU.Build.0 = Release|Any CPU
		{6FED5587-D733-48B6-9D3A-F42099EF55D4}.Debug|Any CPU.ActiveCfg = Debug|Any CPU
		{6FED5587-D733-48B6-9D3A-F42099EF55D4}.Debug|Any CPU.Build.0 = Debug|Any CPU
		{6FED5587-D733-48B6-9D3A-F42099EF55D4}.Release|Any CPU.ActiveCfg = Release|Any CPU
		{6FED5587-D733-48B6-9D3A-F42099EF55D4}.Release|Any CPU.Build.0 = Release|Any CPU
		{B5D6DFE8-B6BB-49BF-9224-FC110490DE37}.Debug|Any CPU.ActiveCfg = Debug|Any CPU
		{B5D6DFE8-B6BB-49BF-9224-FC110490DE37}.Debug|Any CPU.Build.0 = Debug|Any CPU
		{B5D6DFE8-B6BB-49BF-9224-FC110490DE37}.Release|Any CPU.ActiveCfg = Release|Any CPU
		{B5D6DFE8-B6BB-49BF-9224-FC110490DE37}.Release|Any CPU.Build.0 = Release|Any CPU
		{DD2FFB83-5226-46D6-8C61-B2323944285D}.Debug|Any CPU.ActiveCfg = Debug|Any CPU
		{DD2FFB83-5226-46D6-8C61-B2323944285D}.Debug|Any CPU.Build.0 = Debug|Any CPU
		{DD2FFB83-5226-46D6-8C61-B2323944285D}.Release|Any CPU.ActiveCfg = Release|Any CPU
		{DD2FFB83-5226-46D6-8C61-B2323944285D}.Release|Any CPU.Build.0 = Release|Any CPU
		{44771EF5-F6A8-4906-B9F2-D8D9B0D73BB7}.Debug|Any CPU.ActiveCfg = Debug|Any CPU
		{44771EF5-F6A8-4906-B9F2-D8D9B0D73BB7}.Debug|Any CPU.Build.0 = Debug|Any CPU
		{44771EF5-F6A8-4906-B9F2-D8D9B0D73BB7}.Release|Any CPU.ActiveCfg = Release|Any CPU
		{44771EF5-F6A8-4906-B9F2-D8D9B0D73BB7}.Release|Any CPU.Build.0 = Release|Any CPU
		{768DB1E1-17E9-4ED8-AE39-C4B00EDB0488}.Debug|Any CPU.ActiveCfg = Debug|Any CPU
		{768DB1E1-17E9-4ED8-AE39-C4B00EDB0488}.Debug|Any CPU.Build.0 = Debug|Any CPU
		{768DB1E1-17E9-4ED8-AE39-C4B00EDB0488}.Release|Any CPU.ActiveCfg = Release|Any CPU
		{768DB1E1-17E9-4ED8-AE39-C4B00EDB0488}.Release|Any CPU.Build.0 = Release|Any CPU
		{00CC4ADB-CA21-4B88-9AA8-7D9FDA4DB42F}.Debug|Any CPU.ActiveCfg = Debug|Any CPU
		{00CC4ADB-CA21-4B88-9AA8-7D9FDA4DB42F}.Debug|Any CPU.Build.0 = Debug|Any CPU
		{00CC4ADB-CA21-4B88-9AA8-7D9FDA4DB42F}.Release|Any CPU.ActiveCfg = Release|Any CPU
		{00CC4ADB-CA21-4B88-9AA8-7D9FDA4DB42F}.Release|Any CPU.Build.0 = Release|Any CPU
		{28307DB7-9048-468B-B137-ECEEC25EAAA8}.Debug|Any CPU.ActiveCfg = Debug|Any CPU
		{28307DB7-9048-468B-B137-ECEEC25EAAA8}.Debug|Any CPU.Build.0 = Debug|Any CPU
		{28307DB7-9048-468B-B137-ECEEC25EAAA8}.Release|Any CPU.ActiveCfg = Release|Any CPU
		{28307DB7-9048-468B-B137-ECEEC25EAAA8}.Release|Any CPU.Build.0 = Release|Any CPU
		{FDEE9B22-6322-4913-9AB3-315DE0D92E25}.Debug|Any CPU.ActiveCfg = Debug|Any CPU
		{FDEE9B22-6322-4913-9AB3-315DE0D92E25}.Debug|Any CPU.Build.0 = Debug|Any CPU
		{FDEE9B22-6322-4913-9AB3-315DE0D92E25}.Release|Any CPU.ActiveCfg = Release|Any CPU
		{FDEE9B22-6322-4913-9AB3-315DE0D92E25}.Release|Any CPU.Build.0 = Release|Any CPU
	EndGlobalSection
	GlobalSection(SolutionProperties) = preSolution
		HideSolutionNode = FALSE
	EndGlobalSection
	GlobalSection(ExtensibilityGlobals) = postSolution
		SolutionGuid = {F7E7DB8A-EBE9-4E48-B531-8990552AF4C5}
	EndGlobalSection
EndGlobal
