
Microsoft Visual Studio Solution File, Format Version 12.00
# Visual Studio Version 17
VisualStudioVersion = 17.0.31903.59
MinimumVisualStudioVersion = 10.0.40219.1
Project("{9A19103F-16F7-4668-BE54-9A1E7A4F7556}") = "wikitools-tests", "wikitools-tests.csproj", "{DFC42B41-E684-439C-ADC1-180D87B8FB23}"
EndProject
Project("{9A19103F-16F7-4668-BE54-9A1E7A4F7556}") = "lib-tests", "..\lib-tests\lib-tests.csproj", "{3AA18657-302B-4F70-95E8-95CC0F989F10}"
EndProject
Project("{9A19103F-16F7-4668-BE54-9A1E7A4F7556}") = "wikitools", "..\wikitools\wikitools.csproj", "{A7D6B3A7-4B5F-4646-8403-04D8A1594A4C}"
EndProject
Project("{9A19103F-16F7-4668-BE54-9A1E7A4F7556}") = "lib", "..\lib\lib.csproj", "{AD09EA61-CE24-4E98-9104-31FC598E16B8}"
EndProject
Project("{9A19103F-16F7-4668-BE54-9A1E7A4F7556}") = "azuredevops", "..\azuredevops\azuredevops.csproj", "{F6A02526-4C36-43C9-9F13-2D431E943A41}"
EndProject
Project("{9A19103F-16F7-4668-BE54-9A1E7A4F7556}") = "azuredevops-tests", "..\azuredevops-tests\azuredevops-tests.csproj", "{9B6EF493-7A3C-4967-B7AA-4050EABFAC2E}"
EndProject
Project("{2150E333-8FDC-42A3-9474-1A3956D46DE8}") = "Solution Items", "Solution Items", "{8B075406-4B9E-4EE3-80C3-0F9505434118}"
EndProject
Project("{9A19103F-16F7-4668-BE54-9A1E7A4F7556}") = "azuredevops-config", "..\azuredevops-config\azuredevops-config.csproj", "{A9E31703-5E4D-4A67-887E-9B6E0EC6C426}"
EndProject
Project("{9A19103F-16F7-4668-BE54-9A1E7A4F7556}") = "wikitools-config", "..\wikitools-config\wikitools-config.csproj", "{5109B68E-64B5-44D5-B996-C395E9CDDD0A}"
EndProject
Global
	GlobalSection(SolutionConfigurationPlatforms) = preSolution
		Debug|Any CPU = Debug|Any CPU
		Release|Any CPU = Release|Any CPU
	EndGlobalSection
	GlobalSection(ProjectConfigurationPlatforms) = postSolution
		{DFC42B41-E684-439C-ADC1-180D87B8FB23}.Debug|Any CPU.ActiveCfg = Debug|Any CPU
		{DFC42B41-E684-439C-ADC1-180D87B8FB23}.Debug|Any CPU.Build.0 = Debug|Any CPU
		{DFC42B41-E684-439C-ADC1-180D87B8FB23}.Release|Any CPU.ActiveCfg = Release|Any CPU
		{DFC42B41-E684-439C-ADC1-180D87B8FB23}.Release|Any CPU.Build.0 = Release|Any CPU
		{3AA18657-302B-4F70-95E8-95CC0F989F10}.Debug|Any CPU.ActiveCfg = Debug|Any CPU
		{3AA18657-302B-4F70-95E8-95CC0F989F10}.Debug|Any CPU.Build.0 = Debug|Any CPU
		{3AA18657-302B-4F70-95E8-95CC0F989F10}.Release|Any CPU.ActiveCfg = Release|Any CPU
		{3AA18657-302B-4F70-95E8-95CC0F989F10}.Release|Any CPU.Build.0 = Release|Any CPU
		{A7D6B3A7-4B5F-4646-8403-04D8A1594A4C}.Debug|Any CPU.ActiveCfg = Debug|Any CPU
		{A7D6B3A7-4B5F-4646-8403-04D8A1594A4C}.Debug|Any CPU.Build.0 = Debug|Any CPU
		{A7D6B3A7-4B5F-4646-8403-04D8A1594A4C}.Release|Any CPU.ActiveCfg = Release|Any CPU
		{A7D6B3A7-4B5F-4646-8403-04D8A1594A4C}.Release|Any CPU.Build.0 = Release|Any CPU
		{AD09EA61-CE24-4E98-9104-31FC598E16B8}.Debug|Any CPU.ActiveCfg = Debug|Any CPU
		{AD09EA61-CE24-4E98-9104-31FC598E16B8}.Debug|Any CPU.Build.0 = Debug|Any CPU
		{AD09EA61-CE24-4E98-9104-31FC598E16B8}.Release|Any CPU.ActiveCfg = Release|Any CPU
		{AD09EA61-CE24-4E98-9104-31FC598E16B8}.Release|Any CPU.Build.0 = Release|Any CPU
		{F6A02526-4C36-43C9-9F13-2D431E943A41}.Debug|Any CPU.ActiveCfg = Debug|Any CPU
		{F6A02526-4C36-43C9-9F13-2D431E943A41}.Debug|Any CPU.Build.0 = Debug|Any CPU
		{F6A02526-4C36-43C9-9F13-2D431E943A41}.Release|Any CPU.ActiveCfg = Release|Any CPU
		{F6A02526-4C36-43C9-9F13-2D431E943A41}.Release|Any CPU.Build.0 = Release|Any CPU
		{9B6EF493-7A3C-4967-B7AA-4050EABFAC2E}.Debug|Any CPU.ActiveCfg = Debug|Any CPU
		{9B6EF493-7A3C-4967-B7AA-4050EABFAC2E}.Debug|Any CPU.Build.0 = Debug|Any CPU
		{9B6EF493-7A3C-4967-B7AA-4050EABFAC2E}.Release|Any CPU.ActiveCfg = Release|Any CPU
		{9B6EF493-7A3C-4967-B7AA-4050EABFAC2E}.Release|Any CPU.Build.0 = Release|Any CPU
		{A9E31703-5E4D-4A67-887E-9B6E0EC6C426}.Debug|Any CPU.ActiveCfg = Debug|Any CPU
		{A9E31703-5E4D-4A67-887E-9B6E0EC6C426}.Debug|Any CPU.Build.0 = Debug|Any CPU
		{A9E31703-5E4D-4A67-887E-9B6E0EC6C426}.Release|Any CPU.ActiveCfg = Release|Any CPU
		{A9E31703-5E4D-4A67-887E-9B6E0EC6C426}.Release|Any CPU.Build.0 = Release|Any CPU
		{5109B68E-64B5-44D5-B996-C395E9CDDD0A}.Debug|Any CPU.ActiveCfg = Debug|Any CPU
		{5109B68E-64B5-44D5-B996-C395E9CDDD0A}.Debug|Any CPU.Build.0 = Debug|Any CPU
		{5109B68E-64B5-44D5-B996-C395E9CDDD0A}.Release|Any CPU.ActiveCfg = Release|Any CPU
		{5109B68E-64B5-44D5-B996-C395E9CDDD0A}.Release|Any CPU.Build.0 = Release|Any CPU
	EndGlobalSection
	GlobalSection(SolutionProperties) = preSolution
		HideSolutionNode = FALSE
	EndGlobalSection
	GlobalSection(ExtensibilityGlobals) = postSolution
		SolutionGuid = {C0F57E4D-D0D2-4F1D-8D14-9DB1C0087108}
	EndGlobalSection
EndGlobal
